
Microsoft Visual Studio Solution File, Format Version 12.00
# Visual Studio 2013
VisualStudioVersion = 12.0.21005.1
MinimumVisualStudioVersion = 10.0.40219.1
Project("{2150E333-8FDC-42A3-9474-1A3956D46DE8}") = "CH2", "CH2", "{EDF804B0-3442-4DE4-8D6C-D26824F9C230}"
EndProject
Project("{FAE04EC0-301F-11D3-BF4B-00C04F79EFBC}") = "LogAn", "LogAn\LogAn.csproj", "{3A0460DA-9A17-4D0E-A362-274E8BA57F98}"
EndProject
Project("{FAE04EC0-301F-11D3-BF4B-00C04F79EFBC}") = "LogAn.Tests", "LogAn.Tests\LogAn.Tests.csproj", "{AF116157-0717-4DB5-B3A3-A69DF476943E}"
EndProject
Project("{2150E333-8FDC-42A3-9474-1A3956D46DE8}") = "Ch3", "Ch3", "{65CD2068-E1E4-47D8-ACF3-7EF041C2BBAB}"
EndProject
Project("{FAE04EC0-301F-11D3-BF4B-00C04F79EFBC}") = "LogAnCh3", "LogAnCh3\LogAnCh3.csproj", "{7267614A-C1CD-491E-B9FF-92A3147A1D9B}"
EndProject
Project("{FAE04EC0-301F-11D3-BF4B-00C04F79EFBC}") = "LogAnCh3Test", "LogAnCh3Test\LogAnCh3Test.csproj", "{76AAE418-E0C3-42F2-A6C1-E6EFDF73CBD0}"
EndProject
Project("{2150E333-8FDC-42A3-9474-1A3956D46DE8}") = "CH4", "CH4", "{98946FD9-8D06-43AE-B117-57AF5085032F}"
EndProject
Project("{FAE04EC0-301F-11D3-BF4B-00C04F79EFBC}") = "LogAnCh4", "LogAnCh4\LogAnCh4.csproj", "{83192FB7-0520-420E-9259-FB1345C1E0ED}"
EndProject
Project("{FAE04EC0-301F-11D3-BF4B-00C04F79EFBC}") = "LogAnCh4Tests", "LogAnCh4Tests\LogAnCh4Tests.csproj", "{2BB9B56C-9429-428E-8586-749CFF98C653}"
EndProject
Global
	GlobalSection(SolutionConfigurationPlatforms) = preSolution
		Debug|Any CPU = Debug|Any CPU
		Release|Any CPU = Release|Any CPU
	EndGlobalSection
	GlobalSection(ProjectConfigurationPlatforms) = postSolution
		{3A0460DA-9A17-4D0E-A362-274E8BA57F98}.Debug|Any CPU.ActiveCfg = Debug|Any CPU
		{3A0460DA-9A17-4D0E-A362-274E8BA57F98}.Debug|Any CPU.Build.0 = Debug|Any CPU
		{3A0460DA-9A17-4D0E-A362-274E8BA57F98}.Release|Any CPU.ActiveCfg = Release|Any CPU
		{3A0460DA-9A17-4D0E-A362-274E8BA57F98}.Release|Any CPU.Build.0 = Release|Any CPU
		{AF116157-0717-4DB5-B3A3-A69DF476943E}.Debug|Any CPU.ActiveCfg = Debug|Any CPU
		{AF116157-0717-4DB5-B3A3-A69DF476943E}.Debug|Any CPU.Build.0 = Debug|Any CPU
		{AF116157-0717-4DB5-B3A3-A69DF476943E}.Release|Any CPU.ActiveCfg = Release|Any CPU
		{AF116157-0717-4DB5-B3A3-A69DF476943E}.Release|Any CPU.Build.0 = Release|Any CPU
		{7267614A-C1CD-491E-B9FF-92A3147A1D9B}.Debug|Any CPU.ActiveCfg = Debug|Any CPU
		{7267614A-C1CD-491E-B9FF-92A3147A1D9B}.Debug|Any CPU.Build.0 = Debug|Any CPU
		{7267614A-C1CD-491E-B9FF-92A3147A1D9B}.Release|Any CPU.ActiveCfg = Release|Any CPU
		{7267614A-C1CD-491E-B9FF-92A3147A1D9B}.Release|Any CPU.Build.0 = Release|Any CPU
		{76AAE418-E0C3-42F2-A6C1-E6EFDF73CBD0}.Debug|Any CPU.ActiveCfg = Debug|Any CPU
		{76AAE418-E0C3-42F2-A6C1-E6EFDF73CBD0}.Debug|Any CPU.Build.0 = Debug|Any CPU
		{76AAE418-E0C3-42F2-A6C1-E6EFDF73CBD0}.Release|Any CPU.ActiveCfg = Release|Any CPU
		{76AAE418-E0C3-42F2-A6C1-E6EFDF73CBD0}.Release|Any CPU.Build.0 = Release|Any CPU
		{83192FB7-0520-420E-9259-FB1345C1E0ED}.Debug|Any CPU.ActiveCfg = Debug|Any CPU
		{83192FB7-0520-420E-9259-FB1345C1E0ED}.Debug|Any CPU.Build.0 = Debug|Any CPU
		{83192FB7-0520-420E-9259-FB1345C1E0ED}.Release|Any CPU.ActiveCfg = Release|Any CPU
		{83192FB7-0520-420E-9259-FB1345C1E0ED}.Release|Any CPU.Build.0 = Release|Any CPU
		{2BB9B56C-9429-428E-8586-749CFF98C653}.Debug|Any CPU.ActiveCfg = Debug|Any CPU
		{2BB9B56C-9429-428E-8586-749CFF98C653}.Debug|Any CPU.Build.0 = Debug|Any CPU
		{2BB9B56C-9429-428E-8586-749CFF98C653}.Release|Any CPU.ActiveCfg = Release|Any CPU
		{2BB9B56C-9429-428E-8586-749CFF98C653}.Release|Any CPU.Build.0 = Release|Any CPU
	EndGlobalSection
	GlobalSection(SolutionProperties) = preSolution
		HideSolutionNode = FALSE
	EndGlobalSection
	GlobalSection(NestedProjects) = preSolution
		{3A0460DA-9A17-4D0E-A362-274E8BA57F98} = {EDF804B0-3442-4DE4-8D6C-D26824F9C230}
		{AF116157-0717-4DB5-B3A3-A69DF476943E} = {EDF804B0-3442-4DE4-8D6C-D26824F9C230}
		{7267614A-C1CD-491E-B9FF-92A3147A1D9B} = {65CD2068-E1E4-47D8-ACF3-7EF041C2BBAB}
		{76AAE418-E0C3-42F2-A6C1-E6EFDF73CBD0} = {65CD2068-E1E4-47D8-ACF3-7EF041C2BBAB}
		{83192FB7-0520-420E-9259-FB1345C1E0ED} = {98946FD9-8D06-43AE-B117-57AF5085032F}
		{2BB9B56C-9429-428E-8586-749CFF98C653} = {98946FD9-8D06-43AE-B117-57AF5085032F}
	EndGlobalSection
EndGlobal
